// !$*UTF8*$!
{
	archiveVersion = 1;
	classes = {
	};
	objectVersion = 90;
	objects = {

/* Begin PBXBuildFile section */
		F82B66222F01B60E00500EDE /* Reczipes2App.swift in Sources */ = {isa = PBXBuildFile; fileRef = F82B65D12F01B60E00500EDE /* Reczipes2App.swift */; };
		F84466D32F058B8B005AC874 /* Reczipes2Clip.app in Embed App Clips */ = {isa = PBXBuildFile; fileRef = F84466AF2F058B8A005AC874 /* Reczipes2Clip.app */; settings = {ATTRIBUTES = (RemoveHeadersOnCopy, ); }; };
		F89D3BB32EF60B9700B52212 /* Assets.xcassets in Resources */ = {isa = PBXBuildFile; fileRef = F89D3B622EF60B9700B52212 /* Assets.xcassets */; };
/* End PBXBuildFile section */

/* Begin PBXContainerItemProxy section */
		F84466C02F058B8B005AC874 /* PBXContainerItemProxy */ = {
			isa = PBXContainerItemProxy;
			containerPortal = F8C80F3C2EE246D200AA52E7 /* Project object */;
			proxyType = 1;
			remoteGlobalIDString = F84466AE2F058B8A005AC874;
			remoteInfo = Reczipes2Clip;
		};
		F84466CA2F058B8B005AC874 /* PBXContainerItemProxy */ = {
			isa = PBXContainerItemProxy;
			containerPortal = F8C80F3C2EE246D200AA52E7 /* Project object */;
			proxyType = 1;
			remoteGlobalIDString = F84466AE2F058B8A005AC874;
			remoteInfo = Reczipes2Clip;
		};
		F84466D12F058B8B005AC874 /* PBXContainerItemProxy */ = {
			isa = PBXContainerItemProxy;
			containerPortal = F8C80F3C2EE246D200AA52E7 /* Project object */;
			proxyType = 1;
			remoteGlobalIDString = F84466AE2F058B8A005AC874;
			remoteInfo = Reczipes2Clip;
		};
		F8C80F542EE246D300AA52E7 /* PBXContainerItemProxy */ = {
			isa = PBXContainerItemProxy;
			containerPortal = F8C80F3C2EE246D200AA52E7 /* Project object */;
			proxyType = 1;
			remoteGlobalIDString = F8C80F432EE246D200AA52E7;
			remoteInfo = Reczipes2;
		};
		F8C80F5E2EE246D300AA52E7 /* PBXContainerItemProxy */ = {
			isa = PBXContainerItemProxy;
			containerPortal = F8C80F3C2EE246D200AA52E7 /* Project object */;
			proxyType = 1;
			remoteGlobalIDString = F8C80F432EE246D200AA52E7;
			remoteInfo = Reczipes2;
		};
/* End PBXContainerItemProxy section */

/* Begin PBXCopyFilesBuildPhase section */
		F84466D42F058B8B005AC874 /* Embed App Clips */ = {
			isa = PBXCopyFilesBuildPhase;
			dstPath = "$(CONTENTS_FOLDER_PATH)/AppClips";
			dstSubfolder = Product;
			files = (
				F84466D32F058B8B005AC874 /* Reczipes2Clip.app in Embed App Clips */,
			);
			name = "Embed App Clips";
		};
/* End PBXCopyFilesBuildPhase section */

/* Begin PBXFileReference section */
		F82B65D12F01B60E00500EDE /* Reczipes2App.swift */ = {isa = PBXFileReference; lastKnownFileType = sourcecode.swift; path = Reczipes2App.swift; sourceTree = "<group>"; };
		F84466AF2F058B8A005AC874 /* Reczipes2Clip.app */ = {isa = PBXFileReference; explicitFileType = wrapper.application; includeInIndex = 0; path = Reczipes2Clip.app; sourceTree = BUILT_PRODUCTS_DIR; };
		F84466BF2F058B8B005AC874 /* Reczipes2ClipTests.xctest */ = {isa = PBXFileReference; explicitFileType = wrapper.cfbundle; includeInIndex = 0; path = Reczipes2ClipTests.xctest; sourceTree = BUILT_PRODUCTS_DIR; };
		F84466C92F058B8B005AC874 /* Reczipes2ClipUITests.xctest */ = {isa = PBXFileReference; explicitFileType = wrapper.cfbundle; includeInIndex = 0; path = Reczipes2ClipUITests.xctest; sourceTree = BUILT_PRODUCTS_DIR; };
		F89D3B622EF60B9700B52212 /* Assets.xcassets */ = {isa = PBXFileReference; lastKnownFileType = folder.assetcatalog; path = Assets.xcassets; sourceTree = "<group>"; };
		F8C80F442EE246D200AA52E7 /* Reczipes2.app */ = {isa = PBXFileReference; explicitFileType = wrapper.application; includeInIndex = 0; path = Reczipes2.app; sourceTree = BUILT_PRODUCTS_DIR; };
		F8C80F532EE246D300AA52E7 /* Reczipes2Tests.xctest */ = {isa = PBXFileReference; explicitFileType = wrapper.cfbundle; includeInIndex = 0; path = Reczipes2Tests.xctest; sourceTree = BUILT_PRODUCTS_DIR; };
		F8C80F5D2EE246D300AA52E7 /* Reczipes2UITests.xctest */ = {isa = PBXFileReference; explicitFileType = wrapper.cfbundle; includeInIndex = 0; path = Reczipes2UITests.xctest; sourceTree = BUILT_PRODUCTS_DIR; };
/* End PBXFileReference section */

/* Begin PBXFileSystemSynchronizedBuildFileExceptionSet section */
		F84466EE2F058D9F005AC874 /* Exceptions for "Reczipes2Clip" folder in "Reczipes2" target */ = {
			isa = PBXFileSystemSynchronizedBuildFileExceptionSet;
			membershipExceptions = (
				AppClipSharedModels.swift,
			);
			target = F8C80F432EE246D200AA52E7 /* Reczipes2 */;
		};
		F87D19EC2EE778EE009C11CB /* Exceptions for "Reczipes2" folder in "Reczipes2Tests" target */ = {
			isa = PBXFileSystemSynchronizedBuildFileExceptionSet;
			membershipExceptions = (
				Models/ImagePreprocessor.swift,
			);
			target = F8C80F522EE246D300AA52E7 /* Reczipes2Tests */;
		};
		F8C342C92F058E1E004754F8 /* Exceptions for "Reczipes2Clip" folder in "Reczipes2Clip" target */ = {
			isa = PBXFileSystemSynchronizedBuildFileExceptionSet;
			membershipExceptions = (
				Docs/AASA_CONFIGURATION_GUIDE.md,
				Docs/APP_CLIP_README.md,
				Docs/APP_CLIP_SETUP_CHECKLIST.md,
				Info.plist,
			);
			target = F84466AE2F058B8A005AC874 /* Reczipes2Clip */;
		};
		F8D232D72F01ECD900B998FA /* Exceptions for "Reczipes2" folder in "Reczipes2" target */ = {
			isa = PBXFileSystemSynchronizedBuildFileExceptionSet;
			membershipExceptions = (
				Info.plist,
			);
			target = F8C80F432EE246D200AA52E7 /* Reczipes2 */;
		};
		F8F1931A2F0068F7001B77D4 /* Exceptions for "Docs" folder in "Reczipes2" target */ = {
			isa = PBXFileSystemSynchronizedBuildFileExceptionSet;
			membershipExceptions = (
				ALLERGEN_DETECTION_GUIDE.md,
				ALLERGEN_IMPLEMENTATION_SUMMARY.md,
				ALLERGEN_QUICK_REFERENCE.md,
				APP_CLIP_IMPLEMENTATION_GUIDE.md,
				ARCHITECTURE_IMAGE_ASSIGNMENT.md,
				ARCHITECTURE_RECIPE_EXTRACTION.md,
				AUTOMATIC_IMAGE_ASSIGNMENT.md,
				BACKUP_RESTORE_GUIDE.md,
				BATCH_EXTRACTION_IMPROVEMENTS.md,
				BLANK_SCREEN_FIX.md,
				BUILD_2_RELEASE_NOTES.md,
				CLOUDKIT_BACKGROUND_MODE_FIX.md,
				CLOUDKIT_DEBUGGING_GUIDE.md,
				CLOUDKIT_HELP_INTEGRATION_SUMMARY.md,
				CLOUDKIT_SETUP_GUIDE.md,
				CLOUDKIT_SYNC_FIX_SUMMARY.md,
				CLOUDKIT_SYNC_GUIDE.md,
				COMPLETE_APP_HELP_GUIDE.md,
				COMPLETE_SUMMARY_11_5_47.md,
				COMPLETE_SUMMARY.md,
				CONTENTVIEW_BOOKS_INTEGRATION.md,
				CONTEXTUAL_HELP_IMPLEMENTATION.md,
				COOKING_MODE_HELP_GUIDE.md,
				COOKING_MODE_INTEGRATION_PLAN.md,
				COOKING_MODE_QUICK_REFERENCE.md,
				DIABETES_PROFILE_FEATURE.md,
				DIABETIC_ANALYSIS_USER_GUIDE.md,
				DIABETIC_CACHE_IMPLEMENTATION_SUMMARY.md,
				DIABETIC_CACHE_SYSTEM.md,
				DIABETIC_CACHE_TESTS_DEBUGGING.md,
				DIABETIC_FEATURE_COMPLIANCE_SUMMARY.md,
				DIABETIC_FEATURE_QUICK_REFERENCE.md,
				DIABETIC_GUIDELINES_COMPLIANCE.md,
				DIABETIC_INTEGRATION_GUIDE.md,
				DIABETIC_QUICKSTART.md,
				DOCUMENTATION_UPDATE_SUMMARY.md,
				DYNAMIC_VERSION_HISTORY_ARCHITECTURE.md,
				DYNAMIC_VERSION_HISTORY_SUMMARY.md,
				FILE_ORGANIZATION_NOTE.md,
				FILE_STRUCTURE.md,
				FINAL_INTEGRATION_SUMMARY.md,
				FIXED_VERSION_11_6_48.md,
				FODMAP_ALLERGEN_INTEGRATION.md,
				FODMAP_IMPLEMENTATION_GUIDE.md,
				FODMAP_INTEGRATION_GUIDE.md,
				FODMAP_QUICK_REFERENCE.md,
				FODMAP_QUICKSTART.md,
				FODMAP_SUBSTITUTION_GUIDE.md,
				FODMAP_UI_GUIDE.md,
				GLOBAL_STATUS_BAR_DOCUMENTATION.md,
				HELP_SYSTEM_PACKAGE.md,
				HELP_TOPICS_QUICK_REFERENCE.md,
				HTML_TAG_FIX_VISUAL.md,
				HTML_TAG_URL_FIX.md,
				IMAGE_CROP_FEATURE_SUMMARY.md,
				IMAGE_CROP_USER_GUIDE.md,
				IMAGE_MIGRATION_TESTING_CHECKLIST.md,
				IMPLEMENTATION_GUIDE.md,
				IMPLEMENTATION_NOTES.md,
				IMPLEMENTATION_SUMMARY.md,
				IMPORT_MERGE_SUMMARY.md,
				"INTEGRATION_CHECKLIST 2.md",
				INTEGRATION_CHECKLIST.md,
				JSONLINKVALIDATOR_CONSOLIDATED.md,
				JSONLINKVALIDATOR_TIPS_FIX.md,
				LAUNCH_SCREEN_SETUP.md,
				LAUNCH_SCREEN_UPDATES.md,
				LICENSE_IMPLEMENTATION.md,
				LOADING_VISIBILITY_FIX.md,
				MIGRATION_IMPLEMENTATION_SUMMARY.md,
				MIGRATION_QUICK_REFERENCE.md,
				MIGRATION_VISUAL_GUIDE.md,
				MULTIPLE_IMAGES_ARCHITECTURE.md,
				MULTIPLE_IMAGES_QUICK_REFERENCE.md,
				MULTIPLE_IMAGES_REFACTOR.md,
				PERFORMANCE_FIX_ALLERGEN_FILTER.md,
				QUICK_FIX_CLOUDKIT.md,
				QUICK_FIX_HTML_TAGS.md,
				QUICK_REFERENCE_CLOUDKIT.md,
				QUICK_SETUP_SAVED_LINKS.md,
				QUICK_START_URL_FIXER.md,
				QUICK_START_VERSION_11_5_BUILD_47.md,
				QUICK_START.md,
				QUICK_TEST_CHECKLIST.md,
				QUICKSTART.md,
				README_EXPORT_IMPORT.md,
				README.md,
				RECIPE_BOOK_EXPORT_GUIDE.md,
				RECIPE_COLLECTION_REFACTOR.md,
				RECIPE_DETAIL_IMAGE_SYNC_FIX.md,
				RECIPE_DETAIL_VIEW_MERGE_ANALYSIS.md,
				RECIPE_EDITING_GUIDE.md,
				RECIPE_EDITING_QUICKSTART.md,
				RECIPE_EDITOR_FIX_UNTITLED_SECTIONS.md,
				RECIPE_EDITOR_IMPROVEMENTS.md,
				RECIPE_EDITOR_UI_EXAMPLES.md,
				RECIPE_EXPORT_IMPORT_UPDATE.md,
				RECIPE_EXTRACTION_UX_FIX.md,
				RECIPE_IMAGE_MIGRATION_GUIDE.md,
				RECIPE_IMAGES_EDITOR_IMPLEMENTATION.md,
				RECIPE_SEARCH_IMPLEMENTATION.md,
				RECIPE_SHARING_FIXED.md,
				RecipeImageAssignmentInstructions.md,
				REMINDERS_INTEGRATION_SETUP.md,
				RETRY_IMPLEMENTATION_SUMMARY.md,
				RETRY_RESILIENCE_SYSTEM.md,
				SAVED_LINKS_FEATURE.md,
				SCHEMA_MIGRATION_GUIDE.md,
				SHARING_GUIDANCE_IMPROVEMENTS.md,
				STATE_PRESERVATION_GUIDE.md,
				SYNC_MONITOR_GUIDE.md,
				SYNC_STATUS_SYSTEM_SUMMARY.md,
				SYNC_TROUBLESHOOTING_CHECKLIST.md,
				TEST_FILE_FIX.md,
				TEST_MIGRATION_NOTE.md,
				TESTING_HTML_TAG_FIX.md,
				TIMEOUT_FIX.md,
				TIPS_INTEGRATION_SUMMARY.md,
				TIPS_INTEGRATION.md,
				TROUBLESHOOTING_VERSION_DISPLAY.md,
				UI_TESTING_SETUP.md,
				URL_FIXER_GUIDE.md,
				VERSION_HISTORY_GUIDE.md,
				WEB_IMAGE_EXTRACTION_FEATURE.md,
				WEB_IMAGE_FLOW_DIAGRAM.md,
				WEB_IMAGE_TESTING_CHECKLIST.md,
			);
			target = F8C80F432EE246D200AA52E7 /* Reczipes2 */;
		};
/* End PBXFileSystemSynchronizedBuildFileExceptionSet section */

/* Begin PBXFileSystemSynchronizedRootGroup section */
		F84466B02F058B8A005AC874 /* Reczipes2Clip */ = {
			isa = PBXFileSystemSynchronizedRootGroup;
			exceptions = (
				F84466EE2F058D9F005AC874 /* Exceptions for "Reczipes2Clip" folder in "Reczipes2" target */,
				F8C342C92F058E1E004754F8 /* Exceptions for "Reczipes2Clip" folder in "Reczipes2Clip" target */,
			);
			path = Reczipes2Clip;
			sourceTree = "<group>";
		};
		F84466C22F058B8B005AC874 /* Reczipes2ClipTests */ = {
			isa = PBXFileSystemSynchronizedRootGroup;
			path = Reczipes2ClipTests;
			sourceTree = "<group>";
		};
		F84466CC2F058B8B005AC874 /* Reczipes2ClipUITests */ = {
			isa = PBXFileSystemSynchronizedRootGroup;
			path = Reczipes2ClipUITests;
			sourceTree = "<group>";
		};
		F8C80F462EE246D200AA52E7 /* Reczipes2 */ = {
			isa = PBXFileSystemSynchronizedRootGroup;
			exceptions = (
				F8D232D72F01ECD900B998FA /* Exceptions for "Reczipes2" folder in "Reczipes2" target */,
				F87D19EC2EE778EE009C11CB /* Exceptions for "Reczipes2" folder in "Reczipes2Tests" target */,
			);
			path = Reczipes2;
			sourceTree = "<group>";
		};
		F8C80F562EE246D300AA52E7 /* Reczipes2Tests */ = {
			isa = PBXFileSystemSynchronizedRootGroup;
			path = Reczipes2Tests;
			sourceTree = "<group>";
		};
		F8C80F602EE246D300AA52E7 /* Reczipes2UITests */ = {
			isa = PBXFileSystemSynchronizedRootGroup;
			path = Reczipes2UITests;
			sourceTree = "<group>";
		};
		F8C80F8F2EE39DFE00AA52E7 /* Docs */ = {
			isa = PBXFileSystemSynchronizedRootGroup;
			exceptions = (
				F8F1931A2F0068F7001B77D4 /* Exceptions for "Docs" folder in "Reczipes2" target */,
			);
			path = Docs;
			sourceTree = "<group>";
		};
/* End PBXFileSystemSynchronizedRootGroup section */

/* Begin PBXFrameworksBuildPhase section */
		F84466AC2F058B8A005AC874 /* Frameworks */ = {
			isa = PBXFrameworksBuildPhase;
			files = (
			);
		};
		F84466BC2F058B8B005AC874 /* Frameworks */ = {
			isa = PBXFrameworksBuildPhase;
			files = (
			);
		};
		F84466C62F058B8B005AC874 /* Frameworks */ = {
			isa = PBXFrameworksBuildPhase;
			files = (
			);
		};
		F8C80F412EE246D200AA52E7 /* Frameworks */ = {
			isa = PBXFrameworksBuildPhase;
			files = (
			);
		};
		F8C80F502EE246D300AA52E7 /* Frameworks */ = {
			isa = PBXFrameworksBuildPhase;
			files = (
			);
		};
		F8C80F5A2EE246D300AA52E7 /* Frameworks */ = {
			isa = PBXFrameworksBuildPhase;
			files = (
			);
		};
/* End PBXFrameworksBuildPhase section */

/* Begin PBXGroup section */
		F8C80F3B2EE246D200AA52E7 = {
			isa = PBXGroup;
			children = (
				F82B65D12F01B60E00500EDE /* Reczipes2App.swift */,
				F89D3B622EF60B9700B52212 /* Assets.xcassets */,
				F8C80F8F2EE39DFE00AA52E7 /* Docs */,
				F8C80F462EE246D200AA52E7 /* Reczipes2 */,
				F8C80F562EE246D300AA52E7 /* Reczipes2Tests */,
				F8C80F602EE246D300AA52E7 /* Reczipes2UITests */,
				F84466B02F058B8A005AC874 /* Reczipes2Clip */,
				F84466C22F058B8B005AC874 /* Reczipes2ClipTests */,
				F84466CC2F058B8B005AC874 /* Reczipes2ClipUITests */,
				F8C80F452EE246D200AA52E7 /* Products */,
			);
			sourceTree = "<group>";
		};
		F8C80F452EE246D200AA52E7 /* Products */ = {
			isa = PBXGroup;
			children = (
				F8C80F442EE246D200AA52E7 /* Reczipes2.app */,
				F8C80F532EE246D300AA52E7 /* Reczipes2Tests.xctest */,
				F8C80F5D2EE246D300AA52E7 /* Reczipes2UITests.xctest */,
				F84466AF2F058B8A005AC874 /* Reczipes2Clip.app */,
				F84466BF2F058B8B005AC874 /* Reczipes2ClipTests.xctest */,
				F84466C92F058B8B005AC874 /* Reczipes2ClipUITests.xctest */,
			);
			name = Products;
			sourceTree = "<group>";
		};
/* End PBXGroup section */

/* Begin PBXNativeTarget section */
		F84466AE2F058B8A005AC874 /* Reczipes2Clip */ = {
			isa = PBXNativeTarget;
			buildConfigurationList = F84466DB2F058B8B005AC874 /* Build configuration list for PBXNativeTarget "Reczipes2Clip" */;
			buildPhases = (
				F84466AB2F058B8A005AC874 /* Sources */,
				F84466AC2F058B8A005AC874 /* Frameworks */,
				F84466AD2F058B8A005AC874 /* Resources */,
			);
			buildRules = (
			);
			fileSystemSynchronizedGroups = (
				F84466B02F058B8A005AC874 /* Reczipes2Clip */,
			);
			name = Reczipes2Clip;
			productName = Reczipes2Clip;
			productReference = F84466AF2F058B8A005AC874 /* Reczipes2Clip.app */;
			productType = "com.apple.product-type.application.on-demand-install-capable";
		};
		F84466BE2F058B8B005AC874 /* Reczipes2ClipTests */ = {
			isa = PBXNativeTarget;
			buildConfigurationList = F84466DD2F058B8B005AC874 /* Build configuration list for PBXNativeTarget "Reczipes2ClipTests" */;
			buildPhases = (
				F84466BB2F058B8B005AC874 /* Sources */,
				F84466BC2F058B8B005AC874 /* Frameworks */,
				F84466BD2F058B8B005AC874 /* Resources */,
			);
			buildRules = (
			);
			dependencies = (
				F84466C12F058B8B005AC874 /* PBXTargetDependency */,
			);
			fileSystemSynchronizedGroups = (
				F84466C22F058B8B005AC874 /* Reczipes2ClipTests */,
			);
			name = Reczipes2ClipTests;
			productName = Reczipes2ClipTests;
			productReference = F84466BF2F058B8B005AC874 /* Reczipes2ClipTests.xctest */;
			productType = "com.apple.product-type.bundle.unit-test";
		};
		F84466C82F058B8B005AC874 /* Reczipes2ClipUITests */ = {
			isa = PBXNativeTarget;
			buildConfigurationList = F84466DE2F058B8B005AC874 /* Build configuration list for PBXNativeTarget "Reczipes2ClipUITests" */;
			buildPhases = (
				F84466C52F058B8B005AC874 /* Sources */,
				F84466C62F058B8B005AC874 /* Frameworks */,
				F84466C72F058B8B005AC874 /* Resources */,
			);
			buildRules = (
			);
			dependencies = (
				F84466CB2F058B8B005AC874 /* PBXTargetDependency */,
			);
			fileSystemSynchronizedGroups = (
				F84466CC2F058B8B005AC874 /* Reczipes2ClipUITests */,
			);
			name = Reczipes2ClipUITests;
			productName = Reczipes2ClipUITests;
			productReference = F84466C92F058B8B005AC874 /* Reczipes2ClipUITests.xctest */;
			productType = "com.apple.product-type.bundle.ui-testing";
		};
		F8C80F432EE246D200AA52E7 /* Reczipes2 */ = {
			isa = PBXNativeTarget;
			buildConfigurationList = F8C80F672EE246D300AA52E7 /* Build configuration list for PBXNativeTarget "Reczipes2" */;
			buildPhases = (
				F8C80F402EE246D200AA52E7 /* Sources */,
				F8C80F412EE246D200AA52E7 /* Frameworks */,
				F8C80F422EE246D200AA52E7 /* Resources */,
				F84466D42F058B8B005AC874 /* Embed App Clips */,
			);
			buildRules = (
			);
			dependencies = (
				F84466D22F058B8B005AC874 /* PBXTargetDependency */,
			);
			fileSystemSynchronizedGroups = (
				F8C80F462EE246D200AA52E7 /* Reczipes2 */,
				F8C80F8F2EE39DFE00AA52E7 /* Docs */,
			);
			name = Reczipes2;
			productName = Reczipes2;
			productReference = F8C80F442EE246D200AA52E7 /* Reczipes2.app */;
			productType = "com.apple.product-type.application";
		};
		F8C80F522EE246D300AA52E7 /* Reczipes2Tests */ = {
			isa = PBXNativeTarget;
			buildConfigurationList = F8C80F6A2EE246D300AA52E7 /* Build configuration list for PBXNativeTarget "Reczipes2Tests" */;
			buildPhases = (
				F8C80F4F2EE246D300AA52E7 /* Sources */,
				F8C80F502EE246D300AA52E7 /* Frameworks */,
				F8C80F512EE246D300AA52E7 /* Resources */,
			);
			buildRules = (
			);
			dependencies = (
				F8C80F552EE246D300AA52E7 /* PBXTargetDependency */,
			);
			fileSystemSynchronizedGroups = (
				F8C80F562EE246D300AA52E7 /* Reczipes2Tests */,
			);
			name = Reczipes2Tests;
			productName = Reczipes2Tests;
			productReference = F8C80F532EE246D300AA52E7 /* Reczipes2Tests.xctest */;
			productType = "com.apple.product-type.bundle.unit-test";
		};
		F8C80F5C2EE246D300AA52E7 /* Reczipes2UITests */ = {
			isa = PBXNativeTarget;
			buildConfigurationList = F8C80F6D2EE246D300AA52E7 /* Build configuration list for PBXNativeTarget "Reczipes2UITests" */;
			buildPhases = (
				F8C80F592EE246D300AA52E7 /* Sources */,
				F8C80F5A2EE246D300AA52E7 /* Frameworks */,
				F8C80F5B2EE246D300AA52E7 /* Resources */,
			);
			buildRules = (
			);
			dependencies = (
				F8C80F5F2EE246D300AA52E7 /* PBXTargetDependency */,
			);
			fileSystemSynchronizedGroups = (
				F8C80F602EE246D300AA52E7 /* Reczipes2UITests */,
			);
			name = Reczipes2UITests;
			productName = Reczipes2UITests;
			productReference = F8C80F5D2EE246D300AA52E7 /* Reczipes2UITests.xctest */;
			productType = "com.apple.product-type.bundle.ui-testing";
		};
/* End PBXNativeTarget section */

/* Begin PBXProject section */
		F8C80F3C2EE246D200AA52E7 /* Project object */ = {
			isa = PBXProject;
			attributes = {
				BuildIndependentTargetsInParallel = 1;
				LastSwiftUpdateCheck = 2620;
				LastUpgradeCheck = 2620;
				TargetAttributes = {
					F84466AE2F058B8A005AC874 = {
						CreatedOnToolsVersion = 26.2;
					};
					F84466BE2F058B8B005AC874 = {
						CreatedOnToolsVersion = 26.2;
						TestTargetID = F84466AE2F058B8A005AC874;
					};
					F84466C82F058B8B005AC874 = {
						CreatedOnToolsVersion = 26.2;
						TestTargetID = F84466AE2F058B8A005AC874;
					};
					F8C80F432EE246D200AA52E7 = {
						CreatedOnToolsVersion = 26.1.1;
					};
					F8C80F522EE246D300AA52E7 = {
						CreatedOnToolsVersion = 26.1.1;
						TestTargetID = F8C80F432EE246D200AA52E7;
					};
					F8C80F5C2EE246D300AA52E7 = {
						CreatedOnToolsVersion = 26.1.1;
						TestTargetID = F8C80F432EE246D200AA52E7;
					};
				};
			};
			buildConfigurationList = F8C80F3F2EE246D200AA52E7 /* Build configuration list for PBXProject "Reczipes2" */;
			developmentRegion = en;
			hasScannedForEncodings = 0;
			knownRegions = (
				en,
				Base,
			);
			mainGroup = F8C80F3B2EE246D200AA52E7;
			minimizedProjectReferenceProxies = 1;
			packageReferences = (
			);
			preferredProjectObjectVersion = 90;
			productRefGroup = F8C80F452EE246D200AA52E7 /* Products */;
			projectDirPath = "";
			projectRoot = "";
			targets = (
				F8C80F432EE246D200AA52E7 /* Reczipes2 */,
				F8C80F522EE246D300AA52E7 /* Reczipes2Tests */,
				F8C80F5C2EE246D300AA52E7 /* Reczipes2UITests */,
				F84466AE2F058B8A005AC874 /* Reczipes2Clip */,
				F84466BE2F058B8B005AC874 /* Reczipes2ClipTests */,
				F84466C82F058B8B005AC874 /* Reczipes2ClipUITests */,
			);
		};
/* End PBXProject section */

/* Begin PBXResourcesBuildPhase section */
		F84466AD2F058B8A005AC874 /* Resources */ = {
			isa = PBXResourcesBuildPhase;
			files = (
			);
		};
		F84466BD2F058B8B005AC874 /* Resources */ = {
			isa = PBXResourcesBuildPhase;
			files = (
			);
		};
		F84466C72F058B8B005AC874 /* Resources */ = {
			isa = PBXResourcesBuildPhase;
			files = (
			);
		};
		F8C80F422EE246D200AA52E7 /* Resources */ = {
			isa = PBXResourcesBuildPhase;
			files = (
				F89D3BB32EF60B9700B52212 /* Assets.xcassets in Resources */,
			);
		};
		F8C80F512EE246D300AA52E7 /* Resources */ = {
			isa = PBXResourcesBuildPhase;
			files = (
			);
		};
		F8C80F5B2EE246D300AA52E7 /* Resources */ = {
			isa = PBXResourcesBuildPhase;
			files = (
			);
		};
/* End PBXResourcesBuildPhase section */

/* Begin PBXSourcesBuildPhase section */
		F84466AB2F058B8A005AC874 /* Sources */ = {
			isa = PBXSourcesBuildPhase;
			files = (
			);
		};
		F84466BB2F058B8B005AC874 /* Sources */ = {
			isa = PBXSourcesBuildPhase;
			files = (
			);
		};
		F84466C52F058B8B005AC874 /* Sources */ = {
			isa = PBXSourcesBuildPhase;
			files = (
			);
		};
		F8C80F402EE246D200AA52E7 /* Sources */ = {
			isa = PBXSourcesBuildPhase;
			files = (
				F82B66222F01B60E00500EDE /* Reczipes2App.swift in Sources */,
			);
		};
		F8C80F4F2EE246D300AA52E7 /* Sources */ = {
			isa = PBXSourcesBuildPhase;
			files = (
			);
		};
		F8C80F592EE246D300AA52E7 /* Sources */ = {
			isa = PBXSourcesBuildPhase;
			files = (
			);
		};
/* End PBXSourcesBuildPhase section */

/* Begin PBXTargetDependency section */
		F84466C12F058B8B005AC874 /* PBXTargetDependency */ = {
			isa = PBXTargetDependency;
			target = F84466AE2F058B8A005AC874 /* Reczipes2Clip */;
			targetProxy = F84466C02F058B8B005AC874 /* PBXContainerItemProxy */;
		};
		F84466CB2F058B8B005AC874 /* PBXTargetDependency */ = {
			isa = PBXTargetDependency;
			target = F84466AE2F058B8A005AC874 /* Reczipes2Clip */;
			targetProxy = F84466CA2F058B8B005AC874 /* PBXContainerItemProxy */;
		};
		F84466D22F058B8B005AC874 /* PBXTargetDependency */ = {
			isa = PBXTargetDependency;
			target = F84466AE2F058B8A005AC874 /* Reczipes2Clip */;
			targetProxy = F84466D12F058B8B005AC874 /* PBXContainerItemProxy */;
		};
		F8C80F552EE246D300AA52E7 /* PBXTargetDependency */ = {
			isa = PBXTargetDependency;
			target = F8C80F432EE246D200AA52E7 /* Reczipes2 */;
			targetProxy = F8C80F542EE246D300AA52E7 /* PBXContainerItemProxy */;
		};
		F8C80F5F2EE246D300AA52E7 /* PBXTargetDependency */ = {
			isa = PBXTargetDependency;
			target = F8C80F432EE246D200AA52E7 /* Reczipes2 */;
			targetProxy = F8C80F5E2EE246D300AA52E7 /* PBXContainerItemProxy */;
		};
/* End PBXTargetDependency section */

/* Begin XCBuildConfiguration section */
		F84466D52F058B8B005AC874 /* Debug configuration for PBXNativeTarget "Reczipes2Clip" */ = {
			isa = XCBuildConfiguration;
			buildSettings = {
				ASSETCATALOG_COMPILER_APPICON_NAME = AppIcon;
				ASSETCATALOG_COMPILER_GLOBAL_ACCENT_COLOR_NAME = AccentColor;
				CODE_SIGN_ENTITLEMENTS = Reczipes2Clip/Reczipes2Clip.entitlements;
				CODE_SIGN_STYLE = Automatic;
				CURRENT_PROJECT_VERSION = 57;
				DEVELOPMENT_TEAM = YKHW2TJ32G;
				ENABLE_PREVIEWS = YES;
				GENERATE_INFOPLIST_FILE = YES;
				INFOPLIST_FILE = Reczipes2Clip/Info.plist;
				INFOPLIST_KEY_CFBundleDisplayName = Reczipes2;
				INFOPLIST_KEY_UIApplicationSceneManifest_Generation = YES;
				INFOPLIST_KEY_UIApplicationSupportsIndirectInputEvents = YES;
				INFOPLIST_KEY_UILaunchScreen_Generation = YES;
				INFOPLIST_KEY_UISupportedInterfaceOrientations_iPad = "UIInterfaceOrientationPortrait UIInterfaceOrientationPortraitUpsideDown UIInterfaceOrientationLandscapeLeft UIInterfaceOrientationLandscapeRight";
				INFOPLIST_KEY_UISupportedInterfaceOrientations_iPhone = "UIInterfaceOrientationPortrait UIInterfaceOrientationLandscapeLeft UIInterfaceOrientationLandscapeRight";
				IPHONEOS_DEPLOYMENT_TARGET = 26.2;
				LD_RUNPATH_SEARCH_PATHS = (
					"$(inherited)",
					"@executable_path/Frameworks",
				);
				MARKETING_VERSION = 12.5;
				PRODUCT_BUNDLE_IDENTIFIER = com.headydiscy.ImageExtract.Clip;
				PRODUCT_NAME = "$(TARGET_NAME)";
				SDKROOT = iphoneos;
				STRING_CATALOG_GENERATE_SYMBOLS = YES;
				SWIFT_APPROACHABLE_CONCURRENCY = YES;
				SWIFT_DEFAULT_ACTOR_ISOLATION = MainActor;
				SWIFT_EMIT_LOC_STRINGS = YES;
				SWIFT_UPCOMING_FEATURE_MEMBER_IMPORT_VISIBILITY = YES;
				SWIFT_VERSION = 5.0;
				TARGETED_DEVICE_FAMILY = "1,2";
			};
			name = Debug;
		};
		F84466D62F058B8B005AC874 /* Release configuration for PBXNativeTarget "Reczipes2Clip" */ = {
			isa = XCBuildConfiguration;
			buildSettings = {
				ASSETCATALOG_COMPILER_APPICON_NAME = AppIcon;
				ASSETCATALOG_COMPILER_GLOBAL_ACCENT_COLOR_NAME = AccentColor;
				CODE_SIGN_ENTITLEMENTS = Reczipes2Clip/Reczipes2Clip.entitlements;
				CODE_SIGN_STYLE = Automatic;
				CURRENT_PROJECT_VERSION = 57;
				DEVELOPMENT_TEAM = YKHW2TJ32G;
				ENABLE_PREVIEWS = YES;
				GENERATE_INFOPLIST_FILE = YES;
				INFOPLIST_FILE = Reczipes2Clip/Info.plist;
				INFOPLIST_KEY_CFBundleDisplayName = Reczipes2;
				INFOPLIST_KEY_UIApplicationSceneManifest_Generation = YES;
				INFOPLIST_KEY_UIApplicationSupportsIndirectInputEvents = YES;
				INFOPLIST_KEY_UILaunchScreen_Generation = YES;
				INFOPLIST_KEY_UISupportedInterfaceOrientations_iPad = "UIInterfaceOrientationPortrait UIInterfaceOrientationPortraitUpsideDown UIInterfaceOrientationLandscapeLeft UIInterfaceOrientationLandscapeRight";
				INFOPLIST_KEY_UISupportedInterfaceOrientations_iPhone = "UIInterfaceOrientationPortrait UIInterfaceOrientationLandscapeLeft UIInterfaceOrientationLandscapeRight";
				IPHONEOS_DEPLOYMENT_TARGET = 26.2;
				LD_RUNPATH_SEARCH_PATHS = (
					"$(inherited)",
					"@executable_path/Frameworks",
				);
				MARKETING_VERSION = 12.5;
				PRODUCT_BUNDLE_IDENTIFIER = com.headydiscy.ImageExtract.Clip;
				PRODUCT_NAME = "$(TARGET_NAME)";
				SDKROOT = iphoneos;
				STRING_CATALOG_GENERATE_SYMBOLS = YES;
				SWIFT_APPROACHABLE_CONCURRENCY = YES;
				SWIFT_DEFAULT_ACTOR_ISOLATION = MainActor;
				SWIFT_EMIT_LOC_STRINGS = YES;
				SWIFT_UPCOMING_FEATURE_MEMBER_IMPORT_VISIBILITY = YES;
				SWIFT_VERSION = 5.0;
				TARGETED_DEVICE_FAMILY = "1,2";
				VALIDATE_PRODUCT = YES;
			};
			name = Release;
		};
		F84466D72F058B8B005AC874 /* Debug configuration for PBXNativeTarget "Reczipes2ClipTests" */ = {
			isa = XCBuildConfiguration;
			buildSettings = {
				BUNDLE_LOADER = "$(TEST_HOST)";
				CODE_SIGN_STYLE = Automatic;
				CURRENT_PROJECT_VERSION = 1;
				DEVELOPMENT_TEAM = YKHW2TJ32G;
				GENERATE_INFOPLIST_FILE = YES;
				IPHONEOS_DEPLOYMENT_TARGET = 26.2;
				MARKETING_VERSION = 1.0;
				PRODUCT_BUNDLE_IDENTIFIER = com.headydiscy.ImageExtract.Reczipes2ClipTests;
				PRODUCT_NAME = "$(TARGET_NAME)";
				SDKROOT = iphoneos;
				STRING_CATALOG_GENERATE_SYMBOLS = NO;
				SWIFT_APPROACHABLE_CONCURRENCY = YES;
				SWIFT_EMIT_LOC_STRINGS = NO;
				SWIFT_UPCOMING_FEATURE_MEMBER_IMPORT_VISIBILITY = YES;
				SWIFT_VERSION = 5.0;
				TARGETED_DEVICE_FAMILY = "1,2";
				TEST_HOST = "$(BUILT_PRODUCTS_DIR)/Reczipes2Clip.app/$(BUNDLE_EXECUTABLE_FOLDER_PATH)/Reczipes2Clip";
			};
			name = Debug;
		};
		F84466D82F058B8B005AC874 /* Release configuration for PBXNativeTarget "Reczipes2ClipTests" */ = {
			isa = XCBuildConfiguration;
			buildSettings = {
				BUNDLE_LOADER = "$(TEST_HOST)";
				CODE_SIGN_STYLE = Automatic;
				CURRENT_PROJECT_VERSION = 1;
				DEVELOPMENT_TEAM = YKHW2TJ32G;
				GENERATE_INFOPLIST_FILE = YES;
				IPHONEOS_DEPLOYMENT_TARGET = 26.2;
				MARKETING_VERSION = 1.0;
				PRODUCT_BUNDLE_IDENTIFIER = com.headydiscy.ImageExtract.Reczipes2ClipTests;
				PRODUCT_NAME = "$(TARGET_NAME)";
				SDKROOT = iphoneos;
				STRING_CATALOG_GENERATE_SYMBOLS = NO;
				SWIFT_APPROACHABLE_CONCURRENCY = YES;
				SWIFT_EMIT_LOC_STRINGS = NO;
				SWIFT_UPCOMING_FEATURE_MEMBER_IMPORT_VISIBILITY = YES;
				SWIFT_VERSION = 5.0;
				TARGETED_DEVICE_FAMILY = "1,2";
				TEST_HOST = "$(BUILT_PRODUCTS_DIR)/Reczipes2Clip.app/$(BUNDLE_EXECUTABLE_FOLDER_PATH)/Reczipes2Clip";
				VALIDATE_PRODUCT = YES;
			};
			name = Release;
		};
		F84466D92F058B8B005AC874 /* Debug configuration for PBXNativeTarget "Reczipes2ClipUITests" */ = {
			isa = XCBuildConfiguration;
			buildSettings = {
				CODE_SIGN_STYLE = Automatic;
				CURRENT_PROJECT_VERSION = 1;
				DEVELOPMENT_TEAM = YKHW2TJ32G;
				GENERATE_INFOPLIST_FILE = YES;
				IPHONEOS_DEPLOYMENT_TARGET = 26.2;
				MARKETING_VERSION = 1.0;
				PRODUCT_BUNDLE_IDENTIFIER = com.headydiscy.ImageExtract.Reczipes2ClipUITests;
				PRODUCT_NAME = "$(TARGET_NAME)";
				SDKROOT = iphoneos;
				STRING_CATALOG_GENERATE_SYMBOLS = NO;
				SWIFT_APPROACHABLE_CONCURRENCY = YES;
				SWIFT_EMIT_LOC_STRINGS = NO;
				SWIFT_UPCOMING_FEATURE_MEMBER_IMPORT_VISIBILITY = YES;
				SWIFT_VERSION = 5.0;
				TARGETED_DEVICE_FAMILY = "1,2";
				TEST_TARGET_NAME = Reczipes2Clip;
			};
			name = Debug;
		};
		F84466DA2F058B8B005AC874 /* Release configuration for PBXNativeTarget "Reczipes2ClipUITests" */ = {
			isa = XCBuildConfiguration;
			buildSettings = {
				CODE_SIGN_STYLE = Automatic;
				CURRENT_PROJECT_VERSION = 1;
				DEVELOPMENT_TEAM = YKHW2TJ32G;
				GENERATE_INFOPLIST_FILE = YES;
				IPHONEOS_DEPLOYMENT_TARGET = 26.2;
				MARKETING_VERSION = 1.0;
				PRODUCT_BUNDLE_IDENTIFIER = com.headydiscy.ImageExtract.Reczipes2ClipUITests;
				PRODUCT_NAME = "$(TARGET_NAME)";
				SDKROOT = iphoneos;
				STRING_CATALOG_GENERATE_SYMBOLS = NO;
				SWIFT_APPROACHABLE_CONCURRENCY = YES;
				SWIFT_EMIT_LOC_STRINGS = NO;
				SWIFT_UPCOMING_FEATURE_MEMBER_IMPORT_VISIBILITY = YES;
				SWIFT_VERSION = 5.0;
				TARGETED_DEVICE_FAMILY = "1,2";
				TEST_TARGET_NAME = Reczipes2Clip;
				VALIDATE_PRODUCT = YES;
			};
			name = Release;
		};
		F8C80F652EE246D300AA52E7 /* Debug configuration for PBXProject "Reczipes2" */ = {
			isa = XCBuildConfiguration;
			buildSettings = {
				ALWAYS_SEARCH_USER_PATHS = NO;
				ASSETCATALOG_COMPILER_GENERATE_SWIFT_ASSET_SYMBOL_EXTENSIONS = YES;
				CLANG_ANALYZER_NONNULL = YES;
				CLANG_ANALYZER_NUMBER_OBJECT_CONVERSION = YES_AGGRESSIVE;
				CLANG_CXX_LANGUAGE_STANDARD = "gnu++20";
				CLANG_ENABLE_MODULES = YES;
				CLANG_ENABLE_OBJC_ARC = YES;
				CLANG_ENABLE_OBJC_WEAK = YES;
				CLANG_WARN_BLOCK_CAPTURE_AUTORELEASING = YES;
				CLANG_WARN_BOOL_CONVERSION = YES;
				CLANG_WARN_COMMA = YES;
				CLANG_WARN_CONSTANT_CONVERSION = YES;
				CLANG_WARN_DEPRECATED_OBJC_IMPLEMENTATIONS = YES;
				CLANG_WARN_DIRECT_OBJC_ISA_USAGE = YES_ERROR;
				CLANG_WARN_DOCUMENTATION_COMMENTS = YES;
				CLANG_WARN_EMPTY_BODY = YES;
				CLANG_WARN_ENUM_CONVERSION = YES;
				CLANG_WARN_INFINITE_RECURSION = YES;
				CLANG_WARN_INT_CONVERSION = YES;
				CLANG_WARN_NON_LITERAL_NULL_CONVERSION = YES;
				CLANG_WARN_OBJC_IMPLICIT_RETAIN_SELF = YES;
				CLANG_WARN_OBJC_LITERAL_CONVERSION = YES;
				CLANG_WARN_OBJC_ROOT_CLASS = YES_ERROR;
				CLANG_WARN_QUOTED_INCLUDE_IN_FRAMEWORK_HEADER = YES;
				CLANG_WARN_RANGE_LOOP_ANALYSIS = YES;
				CLANG_WARN_STRICT_PROTOTYPES = YES;
				CLANG_WARN_SUSPICIOUS_MOVE = YES;
				CLANG_WARN_UNGUARDED_AVAILABILITY = YES_AGGRESSIVE;
				CLANG_WARN_UNREACHABLE_CODE = YES;
				CLANG_WARN__DUPLICATE_METHOD_MATCH = YES;
				COPY_PHASE_STRIP = NO;
				DEAD_CODE_STRIPPING = YES;
				DEBUG_INFORMATION_FORMAT = dwarf;
				DEVELOPMENT_TEAM = YKHW2TJ32G;
				ENABLE_STRICT_OBJC_MSGSEND = YES;
				ENABLE_TESTABILITY = YES;
				ENABLE_USER_SCRIPT_SANDBOXING = YES;
				GCC_C_LANGUAGE_STANDARD = gnu17;
				GCC_DYNAMIC_NO_PIC = NO;
				GCC_NO_COMMON_BLOCKS = YES;
				GCC_OPTIMIZATION_LEVEL = 0;
				GCC_PREPROCESSOR_DEFINITIONS = (
					"DEBUG=1",
					"$(inherited)",
				);
				GCC_WARN_64_TO_32_BIT_CONVERSION = YES;
				GCC_WARN_ABOUT_RETURN_TYPE = YES_ERROR;
				GCC_WARN_UNDECLARED_SELECTOR = YES;
				GCC_WARN_UNINITIALIZED_AUTOS = YES_AGGRESSIVE;
				GCC_WARN_UNUSED_FUNCTION = YES;
				GCC_WARN_UNUSED_VARIABLE = YES;
				LOCALIZATION_PREFERS_STRING_CATALOGS = YES;
				MTL_ENABLE_DEBUG_INFO = INCLUDE_SOURCE;
				MTL_FAST_MATH = YES;
				ONLY_ACTIVE_ARCH = YES;
				STRING_CATALOG_GENERATE_SYMBOLS = YES;
				SWIFT_ACTIVE_COMPILATION_CONDITIONS = "DEBUG $(inherited)";
				SWIFT_OPTIMIZATION_LEVEL = "-Onone";
			};
			name = Debug;
		};
		F8C80F662EE246D300AA52E7 /* Release configuration for PBXProject "Reczipes2" */ = {
			isa = XCBuildConfiguration;
			buildSettings = {
				ALWAYS_SEARCH_USER_PATHS = NO;
				ASSETCATALOG_COMPILER_GENERATE_SWIFT_ASSET_SYMBOL_EXTENSIONS = YES;
				CLANG_ANALYZER_NONNULL = YES;
				CLANG_ANALYZER_NUMBER_OBJECT_CONVERSION = YES_AGGRESSIVE;
				CLANG_CXX_LANGUAGE_STANDARD = "gnu++20";
				CLANG_ENABLE_MODULES = YES;
				CLANG_ENABLE_OBJC_ARC = YES;
				CLANG_ENABLE_OBJC_WEAK = YES;
				CLANG_WARN_BLOCK_CAPTURE_AUTORELEASING = YES;
				CLANG_WARN_BOOL_CONVERSION = YES;
				CLANG_WARN_COMMA = YES;
				CLANG_WARN_CONSTANT_CONVERSION = YES;
				CLANG_WARN_DEPRECATED_OBJC_IMPLEMENTATIONS = YES;
				CLANG_WARN_DIRECT_OBJC_ISA_USAGE = YES_ERROR;
				CLANG_WARN_DOCUMENTATION_COMMENTS = YES;
				CLANG_WARN_EMPTY_BODY = YES;
				CLANG_WARN_ENUM_CONVERSION = YES;
				CLANG_WARN_INFINITE_RECURSION = YES;
				CLANG_WARN_INT_CONVERSION = YES;
				CLANG_WARN_NON_LITERAL_NULL_CONVERSION = YES;
				CLANG_WARN_OBJC_IMPLICIT_RETAIN_SELF = YES;
				CLANG_WARN_OBJC_LITERAL_CONVERSION = YES;
				CLANG_WARN_OBJC_ROOT_CLASS = YES_ERROR;
				CLANG_WARN_QUOTED_INCLUDE_IN_FRAMEWORK_HEADER = YES;
				CLANG_WARN_RANGE_LOOP_ANALYSIS = YES;
				CLANG_WARN_STRICT_PROTOTYPES = YES;
				CLANG_WARN_SUSPICIOUS_MOVE = YES;
				CLANG_WARN_UNGUARDED_AVAILABILITY = YES_AGGRESSIVE;
				CLANG_WARN_UNREACHABLE_CODE = YES;
				CLANG_WARN__DUPLICATE_METHOD_MATCH = YES;
				COPY_PHASE_STRIP = NO;
				DEAD_CODE_STRIPPING = YES;
				DEBUG_INFORMATION_FORMAT = "dwarf-with-dsym";
				DEVELOPMENT_TEAM = YKHW2TJ32G;
				ENABLE_NS_ASSERTIONS = NO;
				ENABLE_STRICT_OBJC_MSGSEND = YES;
				ENABLE_USER_SCRIPT_SANDBOXING = YES;
				GCC_C_LANGUAGE_STANDARD = gnu17;
				GCC_NO_COMMON_BLOCKS = YES;
				GCC_WARN_64_TO_32_BIT_CONVERSION = YES;
				GCC_WARN_ABOUT_RETURN_TYPE = YES_ERROR;
				GCC_WARN_UNDECLARED_SELECTOR = YES;
				GCC_WARN_UNINITIALIZED_AUTOS = YES_AGGRESSIVE;
				GCC_WARN_UNUSED_FUNCTION = YES;
				GCC_WARN_UNUSED_VARIABLE = YES;
				LOCALIZATION_PREFERS_STRING_CATALOGS = YES;
				MTL_ENABLE_DEBUG_INFO = NO;
				MTL_FAST_MATH = YES;
				STRING_CATALOG_GENERATE_SYMBOLS = YES;
				SWIFT_COMPILATION_MODE = wholemodule;
			};
			name = Release;
		};
		F8C80F682EE246D300AA52E7 /* Debug configuration for PBXNativeTarget "Reczipes2" */ = {
			isa = XCBuildConfiguration;
			buildSettings = {
				ASSETCATALOG_COMPILER_APPICON_NAME = AppIcon;
				ASSETCATALOG_COMPILER_GLOBAL_ACCENT_COLOR_NAME = AccentColor;
				ASSETCATALOG_COMPILER_INCLUDE_ALL_APPICON_ASSETS = YES;
				CODE_SIGN_ENTITLEMENTS = Reczipes2/Reczipes2.entitlements;
				CODE_SIGN_STYLE = Automatic;
				CURRENT_PROJECT_VERSION = 57;
				DEAD_CODE_STRIPPING = YES;
				DEVELOPMENT_TEAM = YKHW2TJ32G;
				ENABLE_APP_SANDBOX = YES;
				ENABLE_HARDENED_RUNTIME = YES;
				ENABLE_PREVIEWS = YES;
				ENABLE_USER_SELECTED_FILES = readonly;
				GENERATE_INFOPLIST_FILE = YES;
				INFOPLIST_FILE = Reczipes2/Info.plist;
				INFOPLIST_KEY_CFBundleDisplayName = RecipeExtract;
				INFOPLIST_KEY_ITSAppUsesNonExemptEncryption = NO;
				INFOPLIST_KEY_LSApplicationCategoryType = "public.app-category.food-and-drink";
				INFOPLIST_KEY_LSSupportsOpeningDocumentsInPlace = YES;
				INFOPLIST_KEY_NSCameraUsageDescription = "We need your permission to use the camera to add photos to your recipes";
				INFOPLIST_KEY_NSPhotoLibraryUsageDescription = "We need access to your photos to let you assign images to your recipes and to extract recipes";
				INFOPLIST_KEY_NSRemindersUsageDescription = "We need access to Reminders to able to add your ingredients";
				"INFOPLIST_KEY_UIApplicationSceneManifest_Generation[sdk=iphoneos*]" = YES;
				"INFOPLIST_KEY_UIApplicationSceneManifest_Generation[sdk=iphonesimulator*]" = YES;
				"INFOPLIST_KEY_UIApplicationSupportsIndirectInputEvents[sdk=iphoneos*]" = YES;
				"INFOPLIST_KEY_UIApplicationSupportsIndirectInputEvents[sdk=iphonesimulator*]" = YES;
				"INFOPLIST_KEY_UILaunchScreen_Generation[sdk=iphoneos*]" = YES;
				"INFOPLIST_KEY_UILaunchScreen_Generation[sdk=iphonesimulator*]" = YES;
				"INFOPLIST_KEY_UIStatusBarStyle[sdk=iphoneos*]" = UIStatusBarStyleDefault;
				"INFOPLIST_KEY_UIStatusBarStyle[sdk=iphonesimulator*]" = UIStatusBarStyleDefault;
				INFOPLIST_KEY_UISupportedInterfaceOrientations_iPad = "UIInterfaceOrientationPortrait UIInterfaceOrientationPortraitUpsideDown UIInterfaceOrientationLandscapeLeft UIInterfaceOrientationLandscapeRight";
				INFOPLIST_KEY_UISupportedInterfaceOrientations_iPhone = "UIInterfaceOrientationPortrait UIInterfaceOrientationLandscapeLeft UIInterfaceOrientationLandscapeRight";
				INFOPLIST_KEY_UISupportsDocumentBrowser = YES;
				IPHONEOS_DEPLOYMENT_TARGET = 26.2;
				LD_RUNPATH_SEARCH_PATHS = "@executable_path/Frameworks";
				"LD_RUNPATH_SEARCH_PATHS[sdk=macosx*]" = "@executable_path/../Frameworks";
				MACOSX_DEPLOYMENT_TARGET = 26.1;
				MARKETING_VERSION = 12.5;
				PRODUCT_BUNDLE_IDENTIFIER = com.headydiscy.ImageExtract;
				PRODUCT_NAME = "$(TARGET_NAME)";
				REGISTER_APP_GROUPS = YES;
				SDKROOT = auto;
				STRING_CATALOG_GENERATE_SYMBOLS = YES;
				SUPPORTED_PLATFORMS = "iphoneos iphonesimulator macosx";
				SUPPORTS_MACCATALYST = NO;
				SWIFT_APPROACHABLE_CONCURRENCY = YES;
				SWIFT_DEFAULT_ACTOR_ISOLATION = MainActor;
				SWIFT_EMIT_LOC_STRINGS = YES;
				SWIFT_UPCOMING_FEATURE_MEMBER_IMPORT_VISIBILITY = YES;
				SWIFT_VERSION = 5.0;
				TARGETED_DEVICE_FAMILY = "1,2";
				XROS_DEPLOYMENT_TARGET = 26.1;
			};
			name = Debug;
		};
		F8C80F692EE246D300AA52E7 /* Release configuration for PBXNativeTarget "Reczipes2" */ = {
			isa = XCBuildConfiguration;
			buildSettings = {
				ASSETCATALOG_COMPILER_APPICON_NAME = AppIcon;
				ASSETCATALOG_COMPILER_GLOBAL_ACCENT_COLOR_NAME = AccentColor;
				ASSETCATALOG_COMPILER_INCLUDE_ALL_APPICON_ASSETS = YES;
				CODE_SIGN_ENTITLEMENTS = Reczipes2/Reczipes2.entitlements;
				CODE_SIGN_STYLE = Automatic;
				CURRENT_PROJECT_VERSION = 57;
				DEAD_CODE_STRIPPING = YES;
				DEVELOPMENT_TEAM = YKHW2TJ32G;
				ENABLE_APP_SANDBOX = YES;
				ENABLE_HARDENED_RUNTIME = YES;
				ENABLE_PREVIEWS = YES;
				ENABLE_USER_SELECTED_FILES = readonly;
				GENERATE_INFOPLIST_FILE = YES;
				INFOPLIST_FILE = Reczipes2/Info.plist;
				INFOPLIST_KEY_CFBundleDisplayName = RecipeExtract;
				INFOPLIST_KEY_ITSAppUsesNonExemptEncryption = NO;
				INFOPLIST_KEY_LSApplicationCategoryType = "public.app-category.food-and-drink";
				INFOPLIST_KEY_LSSupportsOpeningDocumentsInPlace = YES;
				INFOPLIST_KEY_NSCameraUsageDescription = "We need your permission to use the camera to add photos to your recipes";
				INFOPLIST_KEY_NSPhotoLibraryUsageDescription = "We need access to your photos to let you assign images to your recipes and to extract recipes";
				INFOPLIST_KEY_NSRemindersUsageDescription = "We need access to Reminders to able to add your ingredients";
				"INFOPLIST_KEY_UIApplicationSceneManifest_Generation[sdk=iphoneos*]" = YES;
				"INFOPLIST_KEY_UIApplicationSceneManifest_Generation[sdk=iphonesimulator*]" = YES;
				"INFOPLIST_KEY_UIApplicationSupportsIndirectInputEvents[sdk=iphoneos*]" = YES;
				"INFOPLIST_KEY_UIApplicationSupportsIndirectInputEvents[sdk=iphonesimulator*]" = YES;
				"INFOPLIST_KEY_UILaunchScreen_Generation[sdk=iphoneos*]" = YES;
				"INFOPLIST_KEY_UILaunchScreen_Generation[sdk=iphonesimulator*]" = YES;
				"INFOPLIST_KEY_UIStatusBarStyle[sdk=iphoneos*]" = UIStatusBarStyleDefault;
				"INFOPLIST_KEY_UIStatusBarStyle[sdk=iphonesimulator*]" = UIStatusBarStyleDefault;
				INFOPLIST_KEY_UISupportedInterfaceOrientations_iPad = "UIInterfaceOrientationPortrait UIInterfaceOrientationPortraitUpsideDown UIInterfaceOrientationLandscapeLeft UIInterfaceOrientationLandscapeRight";
				INFOPLIST_KEY_UISupportedInterfaceOrientations_iPhone = "UIInterfaceOrientationPortrait UIInterfaceOrientationLandscapeLeft UIInterfaceOrientationLandscapeRight";
				INFOPLIST_KEY_UISupportsDocumentBrowser = YES;
				IPHONEOS_DEPLOYMENT_TARGET = 26.2;
				LD_RUNPATH_SEARCH_PATHS = "@executable_path/Frameworks";
				"LD_RUNPATH_SEARCH_PATHS[sdk=macosx*]" = "@executable_path/../Frameworks";
				MACOSX_DEPLOYMENT_TARGET = 26.1;
				MARKETING_VERSION = 12.5;
				PRODUCT_BUNDLE_IDENTIFIER = com.headydiscy.ImageExtract;
				PRODUCT_NAME = "$(TARGET_NAME)";
				REGISTER_APP_GROUPS = YES;
				SDKROOT = auto;
				STRING_CATALOG_GENERATE_SYMBOLS = YES;
				SUPPORTED_PLATFORMS = "iphoneos iphonesimulator macosx";
				SUPPORTS_MACCATALYST = NO;
				SWIFT_APPROACHABLE_CONCURRENCY = YES;
				SWIFT_DEFAULT_ACTOR_ISOLATION = MainActor;
				SWIFT_EMIT_LOC_STRINGS = YES;
				SWIFT_UPCOMING_FEATURE_MEMBER_IMPORT_VISIBILITY = YES;
				SWIFT_VERSION = 5.0;
				TARGETED_DEVICE_FAMILY = "1,2";
				XROS_DEPLOYMENT_TARGET = 26.1;
			};
			name = Release;
		};
		F8C80F6B2EE246D300AA52E7 /* Debug configuration for PBXNativeTarget "Reczipes2Tests" */ = {
			isa = XCBuildConfiguration;
			buildSettings = {
				BUNDLE_LOADER = "$(TEST_HOST)";
				CODE_SIGN_STYLE = Automatic;
				CURRENT_PROJECT_VERSION = 1;
				DEAD_CODE_STRIPPING = YES;
				DEVELOPMENT_TEAM = YKHW2TJ32G;
				GENERATE_INFOPLIST_FILE = YES;
				IPHONEOS_DEPLOYMENT_TARGET = 26.1;
				MACOSX_DEPLOYMENT_TARGET = 26.1;
				MARKETING_VERSION = 1.0;
				PRODUCT_BUNDLE_IDENTIFIER = com.headydiscy.Reczipes2Tests;
				PRODUCT_NAME = "$(TARGET_NAME)";
				SDKROOT = auto;
				STRING_CATALOG_GENERATE_SYMBOLS = NO;
				SUPPORTED_PLATFORMS = "iphoneos iphonesimulator";
				SUPPORTS_MACCATALYST = NO;
				SWIFT_APPROACHABLE_CONCURRENCY = YES;
				SWIFT_EMIT_LOC_STRINGS = NO;
				SWIFT_UPCOMING_FEATURE_MEMBER_IMPORT_VISIBILITY = YES;
				SWIFT_VERSION = 5.0;
				TARGETED_DEVICE_FAMILY = "1,2";
				TEST_HOST = "$(BUILT_PRODUCTS_DIR)/Reczipes2.app/$(BUNDLE_EXECUTABLE_FOLDER_PATH)/Reczipes2";
				XROS_DEPLOYMENT_TARGET = 26.1;
			};
			name = Debug;
		};
		F8C80F6C2EE246D300AA52E7 /* Release configuration for PBXNativeTarget "Reczipes2Tests" */ = {
			isa = XCBuildConfiguration;
			buildSettings = {
				BUNDLE_LOADER = "$(TEST_HOST)";
				CODE_SIGN_STYLE = Automatic;
				CURRENT_PROJECT_VERSION = 1;
				DEAD_CODE_STRIPPING = YES;
				DEVELOPMENT_TEAM = YKHW2TJ32G;
				GENERATE_INFOPLIST_FILE = YES;
				IPHONEOS_DEPLOYMENT_TARGET = 26.1;
				MACOSX_DEPLOYMENT_TARGET = 26.1;
				MARKETING_VERSION = 1.0;
				PRODUCT_BUNDLE_IDENTIFIER = com.headydiscy.Reczipes2Tests;
				PRODUCT_NAME = "$(TARGET_NAME)";
				SDKROOT = auto;
				STRING_CATALOG_GENERATE_SYMBOLS = NO;
				SUPPORTED_PLATFORMS = "iphoneos iphonesimulator";
				SUPPORTS_MACCATALYST = NO;
				SWIFT_APPROACHABLE_CONCURRENCY = YES;
				SWIFT_EMIT_LOC_STRINGS = NO;
				SWIFT_UPCOMING_FEATURE_MEMBER_IMPORT_VISIBILITY = YES;
				SWIFT_VERSION = 5.0;
				TARGETED_DEVICE_FAMILY = "1,2";
				TEST_HOST = "$(BUILT_PRODUCTS_DIR)/Reczipes2.app/$(BUNDLE_EXECUTABLE_FOLDER_PATH)/Reczipes2";
				XROS_DEPLOYMENT_TARGET = 26.1;
			};
			name = Release;
		};
		F8C80F6E2EE246D300AA52E7 /* Debug configuration for PBXNativeTarget "Reczipes2UITests" */ = {
			isa = XCBuildConfiguration;
			buildSettings = {
				CODE_SIGN_STYLE = Automatic;
				CURRENT_PROJECT_VERSION = 1;
				DEAD_CODE_STRIPPING = YES;
				DEVELOPMENT_TEAM = YKHW2TJ32G;
				GENERATE_INFOPLIST_FILE = YES;
				IPHONEOS_DEPLOYMENT_TARGET = 26.1;
				MACOSX_DEPLOYMENT_TARGET = 26.1;
				MARKETING_VERSION = 1.0;
				PRODUCT_BUNDLE_IDENTIFIER = com.headydiscy.Reczipes2UITests;
				PRODUCT_NAME = "$(TARGET_NAME)";
				SDKROOT = auto;
				STRING_CATALOG_GENERATE_SYMBOLS = NO;
				SUPPORTED_PLATFORMS = "iphoneos iphonesimulator macosx xros xrsimulator";
				SWIFT_APPROACHABLE_CONCURRENCY = YES;
				SWIFT_EMIT_LOC_STRINGS = NO;
				SWIFT_UPCOMING_FEATURE_MEMBER_IMPORT_VISIBILITY = YES;
				SWIFT_VERSION = 5.0;
				TARGETED_DEVICE_FAMILY = "1,2,7";
				TEST_TARGET_NAME = Reczipes2;
				XROS_DEPLOYMENT_TARGET = 26.1;
			};
			name = Debug;
		};
		F8C80F6F2EE246D300AA52E7 /* Release configuration for PBXNativeTarget "Reczipes2UITests" */ = {
			isa = XCBuildConfiguration;
			buildSettings = {
				CODE_SIGN_STYLE = Automatic;
				CURRENT_PROJECT_VERSION = 1;
				DEAD_CODE_STRIPPING = YES;
				DEVELOPMENT_TEAM = YKHW2TJ32G;
				GENERATE_INFOPLIST_FILE = YES;
				IPHONEOS_DEPLOYMENT_TARGET = 26.1;
				MACOSX_DEPLOYMENT_TARGET = 26.1;
				MARKETING_VERSION = 1.0;
				PRODUCT_BUNDLE_IDENTIFIER = com.headydiscy.Reczipes2UITests;
				PRODUCT_NAME = "$(TARGET_NAME)";
				SDKROOT = auto;
				STRING_CATALOG_GENERATE_SYMBOLS = NO;
				SUPPORTED_PLATFORMS = "iphoneos iphonesimulator macosx xros xrsimulator";
				SWIFT_APPROACHABLE_CONCURRENCY = YES;
				SWIFT_EMIT_LOC_STRINGS = NO;
				SWIFT_UPCOMING_FEATURE_MEMBER_IMPORT_VISIBILITY = YES;
				SWIFT_VERSION = 5.0;
				TARGETED_DEVICE_FAMILY = "1,2,7";
				TEST_TARGET_NAME = Reczipes2;
				XROS_DEPLOYMENT_TARGET = 26.1;
			};
			name = Release;
		};
/* End XCBuildConfiguration section */

/* Begin XCConfigurationList section */
		F84466DB2F058B8B005AC874 /* Build configuration list for PBXNativeTarget "Reczipes2Clip" */ = {
			isa = XCConfigurationList;
			buildConfigurations = (
				F84466D52F058B8B005AC874 /* Debug configuration for PBXNativeTarget "Reczipes2Clip" */,
				F84466D62F058B8B005AC874 /* Release configuration for PBXNativeTarget "Reczipes2Clip" */,
			);
			defaultConfigurationName = Release;
		};
		F84466DD2F058B8B005AC874 /* Build configuration list for PBXNativeTarget "Reczipes2ClipTests" */ = {
			isa = XCConfigurationList;
			buildConfigurations = (
				F84466D72F058B8B005AC874 /* Debug configuration for PBXNativeTarget "Reczipes2ClipTests" */,
				F84466D82F058B8B005AC874 /* Release configuration for PBXNativeTarget "Reczipes2ClipTests" */,
			);
			defaultConfigurationName = Release;
		};
		F84466DE2F058B8B005AC874 /* Build configuration list for PBXNativeTarget "Reczipes2ClipUITests" */ = {
			isa = XCConfigurationList;
			buildConfigurations = (
				F84466D92F058B8B005AC874 /* Debug configuration for PBXNativeTarget "Reczipes2ClipUITests" */,
				F84466DA2F058B8B005AC874 /* Release configuration for PBXNativeTarget "Reczipes2ClipUITests" */,
			);
			defaultConfigurationName = Release;
		};
		F8C80F3F2EE246D200AA52E7 /* Build configuration list for PBXProject "Reczipes2" */ = {
			isa = XCConfigurationList;
			buildConfigurations = (
				F8C80F652EE246D300AA52E7 /* Debug configuration for PBXProject "Reczipes2" */,
				F8C80F662EE246D300AA52E7 /* Release configuration for PBXProject "Reczipes2" */,
			);
			defaultConfigurationName = Release;
		};
		F8C80F672EE246D300AA52E7 /* Build configuration list for PBXNativeTarget "Reczipes2" */ = {
			isa = XCConfigurationList;
			buildConfigurations = (
				F8C80F682EE246D300AA52E7 /* Debug configuration for PBXNativeTarget "Reczipes2" */,
				F8C80F692EE246D300AA52E7 /* Release configuration for PBXNativeTarget "Reczipes2" */,
			);
			defaultConfigurationName = Release;
		};
		F8C80F6A2EE246D300AA52E7 /* Build configuration list for PBXNativeTarget "Reczipes2Tests" */ = {
			isa = XCConfigurationList;
			buildConfigurations = (
				F8C80F6B2EE246D300AA52E7 /* Debug configuration for PBXNativeTarget "Reczipes2Tests" */,
				F8C80F6C2EE246D300AA52E7 /* Release configuration for PBXNativeTarget "Reczipes2Tests" */,
			);
			defaultConfigurationName = Release;
		};
		F8C80F6D2EE246D300AA52E7 /* Build configuration list for PBXNativeTarget "Reczipes2UITests" */ = {
			isa = XCConfigurationList;
			buildConfigurations = (
				F8C80F6E2EE246D300AA52E7 /* Debug configuration for PBXNativeTarget "Reczipes2UITests" */,
				F8C80F6F2EE246D300AA52E7 /* Release configuration for PBXNativeTarget "Reczipes2UITests" */,
			);
			defaultConfigurationName = Release;
		};
/* End XCConfigurationList section */
	};
	rootObject = F8C80F3C2EE246D200AA52E7 /* Project object */;
}
